// !$*UTF8*$!
{
	archiveVersion = 1;
	classes = {
	};
	objectVersion = 50;
	objects = {

/* Begin PBXBuildFile section */
		964D8D772522D131006A0E3A /* AppDelegate.swift in Sources */ = {isa = PBXBuildFile; fileRef = 964D8D762522D131006A0E3A /* AppDelegate.swift */; };
		964D8D792522D131006A0E3A /* SceneDelegate.swift in Sources */ = {isa = PBXBuildFile; fileRef = 964D8D782522D131006A0E3A /* SceneDelegate.swift */; };
		964D8D7B2522D131006A0E3A /* ViewController.swift in Sources */ = {isa = PBXBuildFile; fileRef = 964D8D7A2522D131006A0E3A /* ViewController.swift */; };
		964D8D7E2522D131006A0E3A /* Main.storyboard in Resources */ = {isa = PBXBuildFile; fileRef = 964D8D7C2522D131006A0E3A /* Main.storyboard */; };
		964D8D802522D137006A0E3A /* Assets.xcassets in Resources */ = {isa = PBXBuildFile; fileRef = 964D8D7F2522D137006A0E3A /* Assets.xcassets */; };
		964D8D832522D137006A0E3A /* LaunchScreen.storyboard in Resources */ = {isa = PBXBuildFile; fileRef = 964D8D812522D137006A0E3A /* LaunchScreen.storyboard */; };
		964D8D8E2522D138006A0E3A /* App_StoreTests.swift in Sources */ = {isa = PBXBuildFile; fileRef = 964D8D8D2522D138006A0E3A /* App_StoreTests.swift */; };
		964D8D992522D138006A0E3A /* App_StoreUITests.swift in Sources */ = {isa = PBXBuildFile; fileRef = 964D8D982522D138006A0E3A /* App_StoreUITests.swift */; };
		964D8DAB2522D1AF006A0E3A /* BaseTabBar.swift in Sources */ = {isa = PBXBuildFile; fileRef = 964D8DAA2522D1AF006A0E3A /* BaseTabBar.swift */; };
		9673630D25241D580039694E /* BuscaVC.swift in Sources */ = {isa = PBXBuildFile; fileRef = 9673630C25241D580039694E /* BuscaVC.swift */; };
		96736318252421470039694E /* BuscaCell.swift in Sources */ = {isa = PBXBuildFile; fileRef = 96736317252421470039694E /* BuscaCell.swift */; };
		9673631E252422420039694E /* UIView.swift in Sources */ = {isa = PBXBuildFile; fileRef = 9673631D252422410039694E /* UIView.swift */; };
		96736323252423010039694E /* UIImageView.swift in Sources */ = {isa = PBXBuildFile; fileRef = 96736322252423010039694E /* UIImageView.swift */; };
/* End PBXBuildFile section */

/* Begin PBXContainerItemProxy section */
		964D8D8A2522D138006A0E3A /* PBXContainerItemProxy */ = {
			isa = PBXContainerItemProxy;
			containerPortal = 964D8D6B2522D131006A0E3A /* Project object */;
			proxyType = 1;
			remoteGlobalIDString = 964D8D722522D131006A0E3A;
			remoteInfo = "App Store";
		};
		964D8D952522D138006A0E3A /* PBXContainerItemProxy */ = {
			isa = PBXContainerItemProxy;
			containerPortal = 964D8D6B2522D131006A0E3A /* Project object */;
			proxyType = 1;
			remoteGlobalIDString = 964D8D722522D131006A0E3A;
			remoteInfo = "App Store";
		};
/* End PBXContainerItemProxy section */

/* Begin PBXFileReference section */
		964D8D732522D131006A0E3A /* App Store.app */ = {isa = PBXFileReference; explicitFileType = wrapper.application; includeInIndex = 0; path = "App Store.app"; sourceTree = BUILT_PRODUCTS_DIR; };
		964D8D762522D131006A0E3A /* AppDelegate.swift */ = {isa = PBXFileReference; lastKnownFileType = sourcecode.swift; path = AppDelegate.swift; sourceTree = "<group>"; };
		964D8D782522D131006A0E3A /* SceneDelegate.swift */ = {isa = PBXFileReference; lastKnownFileType = sourcecode.swift; path = SceneDelegate.swift; sourceTree = "<group>"; };
		964D8D7A2522D131006A0E3A /* ViewController.swift */ = {isa = PBXFileReference; lastKnownFileType = sourcecode.swift; path = ViewController.swift; sourceTree = "<group>"; };
		964D8D7D2522D131006A0E3A /* Base */ = {isa = PBXFileReference; lastKnownFileType = file.storyboard; name = Base; path = Base.lproj/Main.storyboard; sourceTree = "<group>"; };
		964D8D7F2522D137006A0E3A /* Assets.xcassets */ = {isa = PBXFileReference; lastKnownFileType = folder.assetcatalog; path = Assets.xcassets; sourceTree = "<group>"; };
		964D8D822522D137006A0E3A /* Base */ = {isa = PBXFileReference; lastKnownFileType = file.storyboard; name = Base; path = Base.lproj/LaunchScreen.storyboard; sourceTree = "<group>"; };
		964D8D842522D137006A0E3A /* Info.plist */ = {isa = PBXFileReference; lastKnownFileType = text.plist.xml; path = Info.plist; sourceTree = "<group>"; };
		964D8D892522D138006A0E3A /* App StoreTests.xctest */ = {isa = PBXFileReference; explicitFileType = wrapper.cfbundle; includeInIndex = 0; path = "App StoreTests.xctest"; sourceTree = BUILT_PRODUCTS_DIR; };
		964D8D8D2522D138006A0E3A /* App_StoreTests.swift */ = {isa = PBXFileReference; lastKnownFileType = sourcecode.swift; path = App_StoreTests.swift; sourceTree = "<group>"; };
		964D8D8F2522D138006A0E3A /* Info.plist */ = {isa = PBXFileReference; lastKnownFileType = text.plist.xml; path = Info.plist; sourceTree = "<group>"; };
		964D8D942522D138006A0E3A /* App StoreUITests.xctest */ = {isa = PBXFileReference; explicitFileType = wrapper.cfbundle; includeInIndex = 0; path = "App StoreUITests.xctest"; sourceTree = BUILT_PRODUCTS_DIR; };
		964D8D982522D138006A0E3A /* App_StoreUITests.swift */ = {isa = PBXFileReference; lastKnownFileType = sourcecode.swift; path = App_StoreUITests.swift; sourceTree = "<group>"; };
		964D8D9A2522D138006A0E3A /* Info.plist */ = {isa = PBXFileReference; lastKnownFileType = text.plist.xml; path = Info.plist; sourceTree = "<group>"; };
		964D8DAA2522D1AF006A0E3A /* BaseTabBar.swift */ = {isa = PBXFileReference; lastKnownFileType = sourcecode.swift; path = BaseTabBar.swift; sourceTree = "<group>"; };
		9673630C25241D580039694E /* BuscaVC.swift */ = {isa = PBXFileReference; lastKnownFileType = sourcecode.swift; path = BuscaVC.swift; sourceTree = "<group>"; };
		96736317252421470039694E /* BuscaCell.swift */ = {isa = PBXFileReference; lastKnownFileType = sourcecode.swift; path = BuscaCell.swift; sourceTree = "<group>"; };
		9673631D252422410039694E /* UIView.swift */ = {isa = PBXFileReference; fileEncoding = 4; lastKnownFileType = sourcecode.swift; name = UIView.swift; path = ../../../../../Downloads/UIView.swift; sourceTree = "<group>"; };
		96736322252423010039694E /* UIImageView.swift */ = {isa = PBXFileReference; lastKnownFileType = sourcecode.swift; path = UIImageView.swift; sourceTree = "<group>"; };
/* End PBXFileReference section */

/* Begin PBXFrameworksBuildPhase section */
		964D8D702522D131006A0E3A /* Frameworks */ = {
			isa = PBXFrameworksBuildPhase;
			buildActionMask = 2147483647;
			files = (
			);
			runOnlyForDeploymentPostprocessing = 0;
		};
		964D8D862522D138006A0E3A /* Frameworks */ = {
			isa = PBXFrameworksBuildPhase;
			buildActionMask = 2147483647;
			files = (
			);
			runOnlyForDeploymentPostprocessing = 0;
		};
		964D8D912522D138006A0E3A /* Frameworks */ = {
			isa = PBXFrameworksBuildPhase;
			buildActionMask = 2147483647;
			files = (
			);
			runOnlyForDeploymentPostprocessing = 0;
		};
/* End PBXFrameworksBuildPhase section */

/* Begin PBXGroup section */
		964D8D6A2522D131006A0E3A = {
			isa = PBXGroup;
			children = (
				964D8D752522D131006A0E3A /* App Store */,
				964D8D8C2522D138006A0E3A /* App StoreTests */,
				964D8D972522D138006A0E3A /* App StoreUITests */,
				964D8D742522D131006A0E3A /* Products */,
			);
			sourceTree = "<group>";
		};
		964D8D742522D131006A0E3A /* Products */ = {
			isa = PBXGroup;
			children = (
				964D8D732522D131006A0E3A /* App Store.app */,
				964D8D892522D138006A0E3A /* App StoreTests.xctest */,
				964D8D942522D138006A0E3A /* App StoreUITests.xctest */,
			);
			name = Products;
			sourceTree = "<group>";
		};
		964D8D752522D131006A0E3A /* App Store */ = {
			isa = PBXGroup;
			children = (
				9673631C252421F80039694E /* Lib */,
				967363142524210A0039694E /* View */,
				964D8DA92522D18D006A0E3A /* Controller */,
				964D8D762522D131006A0E3A /* AppDelegate.swift */,
				964D8D782522D131006A0E3A /* SceneDelegate.swift */,
				964D8D7A2522D131006A0E3A /* ViewController.swift */,
				964D8D7C2522D131006A0E3A /* Main.storyboard */,
				964D8D7F2522D137006A0E3A /* Assets.xcassets */,
				964D8D812522D137006A0E3A /* LaunchScreen.storyboard */,
				964D8D842522D137006A0E3A /* Info.plist */,
			);
			path = "App Store";
			sourceTree = "<group>";
		};
		964D8D8C2522D138006A0E3A /* App StoreTests */ = {
			isa = PBXGroup;
			children = (
				964D8D8D2522D138006A0E3A /* App_StoreTests.swift */,
				964D8D8F2522D138006A0E3A /* Info.plist */,
			);
			path = "App StoreTests";
			sourceTree = "<group>";
		};
		964D8D972522D138006A0E3A /* App StoreUITests */ = {
			isa = PBXGroup;
			children = (
				964D8D982522D138006A0E3A /* App_StoreUITests.swift */,
				964D8D9A2522D138006A0E3A /* Info.plist */,
			);
			path = "App StoreUITests";
			sourceTree = "<group>";
		};
		964D8DA92522D18D006A0E3A /* Controller */ = {
			isa = PBXGroup;
			children = (
				9673630B25241D420039694E /* Busca */,
				964D8DAA2522D1AF006A0E3A /* BaseTabBar.swift */,
			);
			path = Controller;
			sourceTree = "<group>";
		};
		9673630B25241D420039694E /* Busca */ = {
			isa = PBXGroup;
			children = (
				9673630C25241D580039694E /* BuscaVC.swift */,
			);
			path = Busca;
			sourceTree = "<group>";
		};
		967363142524210A0039694E /* View */ = {
			isa = PBXGroup;
			children = (
				96736315252421160039694E /* Busca */,
			);
			path = View;
			sourceTree = "<group>";
		};
		96736315252421160039694E /* Busca */ = {
			isa = PBXGroup;
			children = (
				96736317252421470039694E /* BuscaCell.swift */,
			);
			path = Busca;
			sourceTree = "<group>";
		};
		9673631C252421F80039694E /* Lib */ = {
			isa = PBXGroup;
			children = (
				9673631D252422410039694E /* UIView.swift */,
				96736322252423010039694E /* UIImageView.swift */,
			);
			path = Lib;
			sourceTree = "<group>";
		};
/* End PBXGroup section */

/* Begin PBXNativeTarget section */
		964D8D722522D131006A0E3A /* App Store */ = {
			isa = PBXNativeTarget;
			buildConfigurationList = 964D8D9D2522D138006A0E3A /* Build configuration list for PBXNativeTarget "App Store" */;
			buildPhases = (
				964D8D6F2522D131006A0E3A /* Sources */,
				964D8D702522D131006A0E3A /* Frameworks */,
				964D8D712522D131006A0E3A /* Resources */,
			);
			buildRules = (
			);
			dependencies = (
			);
			name = "App Store";
			productName = "App Store";
			productReference = 964D8D732522D131006A0E3A /* App Store.app */;
			productType = "com.apple.product-type.application";
		};
		964D8D882522D138006A0E3A /* App StoreTests */ = {
			isa = PBXNativeTarget;
			buildConfigurationList = 964D8DA02522D138006A0E3A /* Build configuration list for PBXNativeTarget "App StoreTests" */;
			buildPhases = (
				964D8D852522D138006A0E3A /* Sources */,
				964D8D862522D138006A0E3A /* Frameworks */,
				964D8D872522D138006A0E3A /* Resources */,
			);
			buildRules = (
			);
			dependencies = (
				964D8D8B2522D138006A0E3A /* PBXTargetDependency */,
			);
			name = "App StoreTests";
			productName = "App StoreTests";
			productReference = 964D8D892522D138006A0E3A /* App StoreTests.xctest */;
			productType = "com.apple.product-type.bundle.unit-test";
		};
		964D8D932522D138006A0E3A /* App StoreUITests */ = {
			isa = PBXNativeTarget;
			buildConfigurationList = 964D8DA32522D138006A0E3A /* Build configuration list for PBXNativeTarget "App StoreUITests" */;
			buildPhases = (
				964D8D902522D138006A0E3A /* Sources */,
				964D8D912522D138006A0E3A /* Frameworks */,
				964D8D922522D138006A0E3A /* Resources */,
			);
			buildRules = (
			);
			dependencies = (
				964D8D962522D138006A0E3A /* PBXTargetDependency */,
			);
			name = "App StoreUITests";
			productName = "App StoreUITests";
			productReference = 964D8D942522D138006A0E3A /* App StoreUITests.xctest */;
			productType = "com.apple.product-type.bundle.ui-testing";
		};
/* End PBXNativeTarget section */

/* Begin PBXProject section */
		964D8D6B2522D131006A0E3A /* Project object */ = {
			isa = PBXProject;
			attributes = {
				LastSwiftUpdateCheck = 1200;
				LastUpgradeCheck = 1200;
				TargetAttributes = {
					964D8D722522D131006A0E3A = {
						CreatedOnToolsVersion = 12.0.1;
					};
					964D8D882522D138006A0E3A = {
						CreatedOnToolsVersion = 12.0.1;
						TestTargetID = 964D8D722522D131006A0E3A;
					};
					964D8D932522D138006A0E3A = {
						CreatedOnToolsVersion = 12.0.1;
						TestTargetID = 964D8D722522D131006A0E3A;
					};
				};
			};
			buildConfigurationList = 964D8D6E2522D131006A0E3A /* Build configuration list for PBXProject "App Store" */;
			compatibilityVersion = "Xcode 9.3";
			developmentRegion = en;
			hasScannedForEncodings = 0;
			knownRegions = (
				en,
				Base,
			);
			mainGroup = 964D8D6A2522D131006A0E3A;
			productRefGroup = 964D8D742522D131006A0E3A /* Products */;
			projectDirPath = "";
			projectRoot = "";
			targets = (
				964D8D722522D131006A0E3A /* App Store */,
				964D8D882522D138006A0E3A /* App StoreTests */,
				964D8D932522D138006A0E3A /* App StoreUITests */,
			);
		};
/* End PBXProject section */

/* Begin PBXResourcesBuildPhase section */
		964D8D712522D131006A0E3A /* Resources */ = {
			isa = PBXResourcesBuildPhase;
			buildActionMask = 2147483647;
			files = (
				964D8D832522D137006A0E3A /* LaunchScreen.storyboard in Resources */,
				964D8D802522D137006A0E3A /* Assets.xcassets in Resources */,
				964D8D7E2522D131006A0E3A /* Main.storyboard in Resources */,
			);
			runOnlyForDeploymentPostprocessing = 0;
		};
		964D8D872522D138006A0E3A /* Resources */ = {
			isa = PBXResourcesBuildPhase;
			buildActionMask = 2147483647;
			files = (
			);
			runOnlyForDeploymentPostprocessing = 0;
		};
		964D8D922522D138006A0E3A /* Resources */ = {
			isa = PBXResourcesBuildPhase;
			buildActionMask = 2147483647;
			files = (
			);
			runOnlyForDeploymentPostprocessing = 0;
		};
/* End PBXResourcesBuildPhase section */

/* Begin PBXSourcesBuildPhase section */
		964D8D6F2522D131006A0E3A /* Sources */ = {
			isa = PBXSourcesBuildPhase;
			buildActionMask = 2147483647;
			files = (
				96736323252423010039694E /* UIImageView.swift in Sources */,
				96736318252421470039694E /* BuscaCell.swift in Sources */,
				964D8D7B2522D131006A0E3A /* ViewController.swift in Sources */,
				9673630D25241D580039694E /* BuscaVC.swift in Sources */,
				9673631E252422420039694E /* UIView.swift in Sources */,
				964D8D772522D131006A0E3A /* AppDelegate.swift in Sources */,
				964D8DAB2522D1AF006A0E3A /* BaseTabBar.swift in Sources */,
				964D8D792522D131006A0E3A /* SceneDelegate.swift in Sources */,
			);
			runOnlyForDeploymentPostprocessing = 0;
		};
		964D8D852522D138006A0E3A /* Sources */ = {
			isa = PBXSourcesBuildPhase;
			buildActionMask = 2147483647;
			files = (
				964D8D8E2522D138006A0E3A /* App_StoreTests.swift in Sources */,
			);
			runOnlyForDeploymentPostprocessing = 0;
		};
		964D8D902522D138006A0E3A /* Sources */ = {
			isa = PBXSourcesBuildPhase;
			buildActionMask = 2147483647;
			files = (
				964D8D992522D138006A0E3A /* App_StoreUITests.swift in Sources */,
			);
			runOnlyForDeploymentPostprocessing = 0;
		};
/* End PBXSourcesBuildPhase section */

/* Begin PBXTargetDependency section */
		964D8D8B2522D138006A0E3A /* PBXTargetDependency */ = {
			isa = PBXTargetDependency;
			target = 964D8D722522D131006A0E3A /* App Store */;
			targetProxy = 964D8D8A2522D138006A0E3A /* PBXContainerItemProxy */;
		};
		964D8D962522D138006A0E3A /* PBXTargetDependency */ = {
			isa = PBXTargetDependency;
			target = 964D8D722522D131006A0E3A /* App Store */;
			targetProxy = 964D8D952522D138006A0E3A /* PBXContainerItemProxy */;
		};
/* End PBXTargetDependency section */

/* Begin PBXVariantGroup section */
		964D8D7C2522D131006A0E3A /* Main.storyboard */ = {
			isa = PBXVariantGroup;
			children = (
				964D8D7D2522D131006A0E3A /* Base */,
			);
			name = Main.storyboard;
			sourceTree = "<group>";
		};
		964D8D812522D137006A0E3A /* LaunchScreen.storyboard */ = {
			isa = PBXVariantGroup;
			children = (
				964D8D822522D137006A0E3A /* Base */,
			);
			name = LaunchScreen.storyboard;
			sourceTree = "<group>";
		};
/* End PBXVariantGroup section */

/* Begin XCBuildConfiguration section */
		964D8D9B2522D138006A0E3A /* Debug */ = {
			isa = XCBuildConfiguration;
			buildSettings = {
				ALWAYS_SEARCH_USER_PATHS = NO;
				CLANG_ANALYZER_NONNULL = YES;
				CLANG_ANALYZER_NUMBER_OBJECT_CONVERSION = YES_AGGRESSIVE;
				CLANG_CXX_LANGUAGE_STANDARD = "gnu++14";
				CLANG_CXX_LIBRARY = "libc++";
				CLANG_ENABLE_MODULES = YES;
				CLANG_ENABLE_OBJC_ARC = YES;
				CLANG_ENABLE_OBJC_WEAK = YES;
				CLANG_WARN_BLOCK_CAPTURE_AUTORELEASING = YES;
				CLANG_WARN_BOOL_CONVERSION = YES;
				CLANG_WARN_COMMA = YES;
				CLANG_WARN_CONSTANT_CONVERSION = YES;
				CLANG_WARN_DEPRECATED_OBJC_IMPLEMENTATIONS = YES;
				CLANG_WARN_DIRECT_OBJC_ISA_USAGE = YES_ERROR;
				CLANG_WARN_DOCUMENTATION_COMMENTS = YES;
				CLANG_WARN_EMPTY_BODY = YES;
				CLANG_WARN_ENUM_CONVERSION = YES;
				CLANG_WARN_INFINITE_RECURSION = YES;
				CLANG_WARN_INT_CONVERSION = YES;
				CLANG_WARN_NON_LITERAL_NULL_CONVERSION = YES;
				CLANG_WARN_OBJC_IMPLICIT_RETAIN_SELF = YES;
				CLANG_WARN_OBJC_LITERAL_CONVERSION = YES;
				CLANG_WARN_OBJC_ROOT_CLASS = YES_ERROR;
				CLANG_WARN_QUOTED_INCLUDE_IN_FRAMEWORK_HEADER = YES;
				CLANG_WARN_RANGE_LOOP_ANALYSIS = YES;
				CLANG_WARN_STRICT_PROTOTYPES = YES;
				CLANG_WARN_SUSPICIOUS_MOVE = YES;
				CLANG_WARN_UNGUARDED_AVAILABILITY = YES_AGGRESSIVE;
				CLANG_WARN_UNREACHABLE_CODE = YES;
				CLANG_WARN__DUPLICATE_METHOD_MATCH = YES;
				COPY_PHASE_STRIP = NO;
				DEBUG_INFORMATION_FORMAT = dwarf;
				ENABLE_STRICT_OBJC_MSGSEND = YES;
				ENABLE_TESTABILITY = YES;
				GCC_C_LANGUAGE_STANDARD = gnu11;
				GCC_DYNAMIC_NO_PIC = NO;
				GCC_NO_COMMON_BLOCKS = YES;
				GCC_OPTIMIZATION_LEVEL = 0;
				GCC_PREPROCESSOR_DEFINITIONS = (
					"DEBUG=1",
					"$(inherited)",
				);
				GCC_WARN_64_TO_32_BIT_CONVERSION = YES;
				GCC_WARN_ABOUT_RETURN_TYPE = YES_ERROR;
				GCC_WARN_UNDECLARED_SELECTOR = YES;
				GCC_WARN_UNINITIALIZED_AUTOS = YES_AGGRESSIVE;
				GCC_WARN_UNUSED_FUNCTION = YES;
				GCC_WARN_UNUSED_VARIABLE = YES;
				IPHONEOS_DEPLOYMENT_TARGET = 14.0;
				MTL_ENABLE_DEBUG_INFO = INCLUDE_SOURCE;
				MTL_FAST_MATH = YES;
				ONLY_ACTIVE_ARCH = YES;
				SDKROOT = iphoneos;
				SWIFT_ACTIVE_COMPILATION_CONDITIONS = DEBUG;
				SWIFT_OPTIMIZATION_LEVEL = "-Onone";
			};
			name = Debug;
		};
		964D8D9C2522D138006A0E3A /* Release */ = {
			isa = XCBuildConfiguration;
			buildSettings = {
				ALWAYS_SEARCH_USER_PATHS = NO;
				CLANG_ANALYZER_NONNULL = YES;
				CLANG_ANALYZER_NUMBER_OBJECT_CONVERSION = YES_AGGRESSIVE;
				CLANG_CXX_LANGUAGE_STANDARD = "gnu++14";
				CLANG_CXX_LIBRARY = "libc++";
				CLANG_ENABLE_MODULES = YES;
				CLANG_ENABLE_OBJC_ARC = YES;
				CLANG_ENABLE_OBJC_WEAK = YES;
				CLANG_WARN_BLOCK_CAPTURE_AUTORELEASING = YES;
				CLANG_WARN_BOOL_CONVERSION = YES;
				CLANG_WARN_COMMA = YES;
				CLANG_WARN_CONSTANT_CONVERSION = YES;
				CLANG_WARN_DEPRECATED_OBJC_IMPLEMENTATIONS = YES;
				CLANG_WARN_DIRECT_OBJC_ISA_USAGE = YES_ERROR;
				CLANG_WARN_DOCUMENTATION_COMMENTS = YES;
				CLANG_WARN_EMPTY_BODY = YES;
				CLANG_WARN_ENUM_CONVERSION = YES;
				CLANG_WARN_INFINITE_RECURSION = YES;
				CLANG_WARN_INT_CONVERSION = YES;
				CLANG_WARN_NON_LITERAL_NULL_CONVERSION = YES;
				CLANG_WARN_OBJC_IMPLICIT_RETAIN_SELF = YES;
				CLANG_WARN_OBJC_LITERAL_CONVERSION = YES;
				CLANG_WARN_OBJC_ROOT_CLASS = YES_ERROR;
				CLANG_WARN_QUOTED_INCLUDE_IN_FRAMEWORK_HEADER = YES;
				CLANG_WARN_RANGE_LOOP_ANALYSIS = YES;
				CLANG_WARN_STRICT_PROTOTYPES = YES;
				CLANG_WARN_SUSPICIOUS_MOVE = YES;
				CLANG_WARN_UNGUARDED_AVAILABILITY = YES_AGGRESSIVE;
				CLANG_WARN_UNREACHABLE_CODE = YES;
				CLANG_WARN__DUPLICATE_METHOD_MATCH = YES;
				COPY_PHASE_STRIP = NO;
				DEBUG_INFORMATION_FORMAT = "dwarf-with-dsym";
				ENABLE_NS_ASSERTIONS = NO;
				ENABLE_STRICT_OBJC_MSGSEND = YES;
				GCC_C_LANGUAGE_STANDARD = gnu11;
				GCC_NO_COMMON_BLOCKS = YES;
				GCC_WARN_64_TO_32_BIT_CONVERSION = YES;
				GCC_WARN_ABOUT_RETURN_TYPE = YES_ERROR;
				GCC_WARN_UNDECLARED_SELECTOR = YES;
				GCC_WARN_UNINITIALIZED_AUTOS = YES_AGGRESSIVE;
				GCC_WARN_UNUSED_FUNCTION = YES;
				GCC_WARN_UNUSED_VARIABLE = YES;
				IPHONEOS_DEPLOYMENT_TARGET = 14.0;
				MTL_ENABLE_DEBUG_INFO = NO;
				MTL_FAST_MATH = YES;
				SDKROOT = iphoneos;
				SWIFT_COMPILATION_MODE = wholemodule;
				SWIFT_OPTIMIZATION_LEVEL = "-O";
				VALIDATE_PRODUCT = YES;
			};
			name = Release;
		};
		964D8D9E2522D138006A0E3A /* Debug */ = {
			isa = XCBuildConfiguration;
			buildSettings = {
				ASSETCATALOG_COMPILER_APPICON_NAME = AppIcon;
				ASSETCATALOG_COMPILER_GLOBAL_ACCENT_COLOR_NAME = AccentColor;
				CODE_SIGN_STYLE = Automatic;
				DEVELOPMENT_TEAM = S5VXVGV6J3;
				INFOPLIST_FILE = "App Store/Info.plist";
				LD_RUNPATH_SEARCH_PATHS = (
					"$(inherited)",
					"@executable_path/Frameworks",
				);
				PRODUCT_BUNDLE_IDENTIFIER = "Pedro-Henrique.App-Store";
				PRODUCT_NAME = "$(TARGET_NAME)";
				SWIFT_VERSION = 5.0;
				TARGETED_DEVICE_FAMILY = "1,2";
			};
			name = Debug;
		};
		964D8D9F2522D138006A0E3A /* Release */ = {
			isa = XCBuildConfiguration;
			buildSettings = {
				ASSETCATALOG_COMPILER_APPICON_NAME = AppIcon;
				ASSETCATALOG_COMPILER_GLOBAL_ACCENT_COLOR_NAME = AccentColor;
				CODE_SIGN_STYLE = Automatic;
				DEVELOPMENT_TEAM = S5VXVGV6J3;
				INFOPLIST_FILE = "App Store/Info.plist";
				LD_RUNPATH_SEARCH_PATHS = (
					"$(inherited)",
					"@executable_path/Frameworks",
				);
				PRODUCT_BUNDLE_IDENTIFIER = "Pedro-Henrique.App-Store";
				PRODUCT_NAME = "$(TARGET_NAME)";
				SWIFT_VERSION = 5.0;
				TARGETED_DEVICE_FAMILY = "1,2";
			};
			name = Release;
		};
		964D8DA12522D138006A0E3A /* Debug */ = {
			isa = XCBuildConfiguration;
			buildSettings = {
				ALWAYS_EMBED_SWIFT_STANDARD_LIBRARIES = YES;
				BUNDLE_LOADER = "$(TEST_HOST)";
				CODE_SIGN_STYLE = Automatic;
				DEVELOPMENT_TEAM = S5VXVGV6J3;
				INFOPLIST_FILE = "App StoreTests/Info.plist";
				IPHONEOS_DEPLOYMENT_TARGET = 14.0;
				LD_RUNPATH_SEARCH_PATHS = (
					"$(inherited)",
					"@executable_path/Frameworks",
					"@loader_path/Frameworks",
				);
				PRODUCT_BUNDLE_IDENTIFIER = "Pedro-Henrique.App-StoreTests";
				PRODUCT_NAME = "$(TARGET_NAME)";
				SWIFT_VERSION = 5.0;
				TARGETED_DEVICE_FAMILY = "1,2";
				TEST_HOST = "$(BUILT_PRODUCTS_DIR)/App Store.app/App Store";
			};
			name = Debug;
		};
		964D8DA22522D138006A0E3A /* Release */ = {
			isa = XCBuildConfiguration;
			buildSettings = {
				ALWAYS_EMBED_SWIFT_STANDARD_LIBRARIES = YES;
				BUNDLE_LOADER = "$(TEST_HOST)";
				CODE_SIGN_STYLE = Automatic;
				DEVELOPMENT_TEAM = S5VXVGV6J3;
				INFOPLIST_FILE = "App StoreTests/Info.plist";
				IPHONEOS_DEPLOYMENT_TARGET = 14.0;
				LD_RUNPATH_SEARCH_PATHS = (
					"$(inherited)",
					"@executable_path/Frameworks",
					"@loader_path/Frameworks",
				);
				PRODUCT_BUNDLE_IDENTIFIER = "Pedro-Henrique.App-StoreTests";
				PRODUCT_NAME = "$(TARGET_NAME)";
				SWIFT_VERSION = 5.0;
				TARGETED_DEVICE_FAMILY = "1,2";
				TEST_HOST = "$(BUILT_PRODUCTS_DIR)/App Store.app/App Store";
			};
			name = Release;
		};
		964D8DA42522D138006A0E3A /* Debug */ = {
			isa = XCBuildConfiguration;
			buildSettings = {
				ALWAYS_EMBED_SWIFT_STANDARD_LIBRARIES = YES;
				CODE_SIGN_STYLE = Automatic;
				DEVELOPMENT_TEAM = S5VXVGV6J3;
				INFOPLIST_FILE = "App StoreUITests/Info.plist";
				LD_RUNPATH_SEARCH_PATHS = (
					"$(inherited)",
					"@executable_path/Frameworks",
					"@loader_path/Frameworks",
				);
				PRODUCT_BUNDLE_IDENTIFIER = "Pedro-Henrique.App-StoreUITests";
				PRODUCT_NAME = "$(TARGET_NAME)";
				SWIFT_VERSION = 5.0;
				TARGETED_DEVICE_FAMILY = "1,2";
				TEST_TARGET_NAME = "App Store";
			};
			name = Debug;
		};
		964D8DA52522D138006A0E3A /* Release */ = {
			isa = XCBuildConfiguration;
			buildSettings = {
				ALWAYS_EMBED_SWIFT_STANDARD_LIBRARIES = YES;
				CODE_SIGN_STYLE = Automatic;
				DEVELOPMENT_TEAM = S5VXVGV6J3;
				INFOPLIST_FILE = "App StoreUITests/Info.plist";
				LD_RUNPATH_SEARCH_PATHS = (
					"$(inherited)",
					"@executable_path/Frameworks",
					"@loader_path/Frameworks",
				);
				PRODUCT_BUNDLE_IDENTIFIER = "Pedro-Henrique.App-StoreUITests";
				PRODUCT_NAME = "$(TARGET_NAME)";
				SWIFT_VERSION = 5.0;
				TARGETED_DEVICE_FAMILY = "1,2";
				TEST_TARGET_NAME = "App Store";
			};
			name = Release;
		};
/* End XCBuildConfiguration section */

/* Begin XCConfigurationList section */
		964D8D6E2522D131006A0E3A /* Build configuration list for PBXProject "App Store" */ = {
			isa = XCConfigurationList;
			buildConfigurations = (
				964D8D9B2522D138006A0E3A /* Debug */,
				964D8D9C2522D138006A0E3A /* Release */,
			);
			defaultConfigurationIsVisible = 0;
			defaultConfigurationName = Release;
		};
		964D8D9D2522D138006A0E3A /* Build configuration list for PBXNativeTarget "App Store" */ = {
			isa = XCConfigurationList;
			buildConfigurations = (
				964D8D9E2522D138006A0E3A /* Debug */,
				964D8D9F2522D138006A0E3A /* Release */,
			);
			defaultConfigurationIsVisible = 0;
			defaultConfigurationName = Release;
		};
		964D8DA02522D138006A0E3A /* Build configuration list for PBXNativeTarget "App StoreTests" */ = {
			isa = XCConfigurationList;
			buildConfigurations = (
				964D8DA12522D138006A0E3A /* Debug */,
				964D8DA22522D138006A0E3A /* Release */,
			);
			defaultConfigurationIsVisible = 0;
			defaultConfigurationName = Release;
		};
		964D8DA32522D138006A0E3A /* Build configuration list for PBXNativeTarget "App StoreUITests" */ = {
			isa = XCConfigurationList;
			buildConfigurations = (
				964D8DA42522D138006A0E3A /* Debug */,
				964D8DA52522D138006A0E3A /* Release */,
			);
			defaultConfigurationIsVisible = 0;
			defaultConfigurationName = Release;
		};
/* End XCConfigurationList section */
	};
	rootObject = 964D8D6B2522D131006A0E3A /* Project object */;
}
